
Microsoft Visual Studio Solution File, Format Version 12.00
# Visual Studio 15
VisualStudioVersion = 15.0.26124.0
MinimumVisualStudioVersion = 15.0.26124.0
Project("{FAE04EC0-301F-11D3-BF4B-00C04F79EFBC}") = "API", "API\API.csproj", "{72EB2EE9-4157-4A25-8BC9-DF299D719A16}"
EndProject
Project("{FAE04EC0-301F-11D3-BF4B-00C04F79EFBC}") = "Core", "Core\Core.csproj", "{84AAA8DD-A082-4A50-9018-6C027BEDDDD0}"
EndProject
Project("{FAE04EC0-301F-11D3-BF4B-00C04F79EFBC}") = "Infrastructure", "Infrastructure\Infrastructure.csproj", "{21D2A2FA-4EC9-45CF-960C-DF730ED0D0A7}"
EndProject
Global
	GlobalSection(SolutionConfigurationPlatforms) = preSolution
		Debug|Any CPU = Debug|Any CPU
		Debug|x64 = Debug|x64
		Debug|x86 = Debug|x86
		Release|Any CPU = Release|Any CPU
		Release|x64 = Release|x64
		Release|x86 = Release|x86
	EndGlobalSection
	GlobalSection(SolutionProperties) = preSolution
		HideSolutionNode = FALSE
	EndGlobalSection
	GlobalSection(ProjectConfigurationPlatforms) = postSolution
		{72EB2EE9-4157-4A25-8BC9-DF299D719A16}.Debug|Any CPU.ActiveCfg = Debug|Any CPU
		{72EB2EE9-4157-4A25-8BC9-DF299D719A16}.Debug|Any CPU.Build.0 = Debug|Any CPU
		{72EB2EE9-4157-4A25-8BC9-DF299D719A16}.Debug|x64.ActiveCfg = Debug|Any CPU
		{72EB2EE9-4157-4A25-8BC9-DF299D719A16}.Debug|x64.Build.0 = Debug|Any CPU
		{72EB2EE9-4157-4A25-8BC9-DF299D719A16}.Debug|x86.ActiveCfg = Debug|Any CPU
		{72EB2EE9-4157-4A25-8BC9-DF299D719A16}.Debug|x86.Build.0 = Debug|Any CPU
		{72EB2EE9-4157-4A25-8BC9-DF299D719A16}.Release|Any CPU.ActiveCfg = Release|Any CPU
		{72EB2EE9-4157-4A25-8BC9-DF299D719A16}.Release|Any CPU.Build.0 = Release|Any CPU
		{72EB2EE9-4157-4A25-8BC9-DF299D719A16}.Release|x64.ActiveCfg = Release|Any CPU
		{72EB2EE9-4157-4A25-8BC9-DF299D719A16}.Release|x64.Build.0 = Release|Any CPU
		{72EB2EE9-4157-4A25-8BC9-DF299D719A16}.Release|x86.ActiveCfg = Release|Any CPU
		{72EB2EE9-4157-4A25-8BC9-DF299D719A16}.Release|x86.Build.0 = Release|Any CPU
		{84AAA8DD-A082-4A50-9018-6C027BEDDDD0}.Debug|Any CPU.ActiveCfg = Debug|Any CPU
		{84AAA8DD-A082-4A50-9018-6C027BEDDDD0}.Debug|Any CPU.Build.0 = Debug|Any CPU
		{84AAA8DD-A082-4A50-9018-6C027BEDDDD0}.Debug|x64.ActiveCfg = Debug|Any CPU
		{84AAA8DD-A082-4A50-9018-6C027BEDDDD0}.Debug|x64.Build.0 = Debug|Any CPU
		{84AAA8DD-A082-4A50-9018-6C027BEDDDD0}.Debug|x86.ActiveCfg = Debug|Any CPU
		{84AAA8DD-A082-4A50-9018-6C027BEDDDD0}.Debug|x86.Build.0 = Debug|Any CPU
		{84AAA8DD-A082-4A50-9018-6C027BEDDDD0}.Release|Any CPU.ActiveCfg = Release|Any CPU
		{84AAA8DD-A082-4A50-9018-6C027BEDDDD0}.Release|Any CPU.Build.0 = Release|Any CPU
		{84AAA8DD-A082-4A50-9018-6C027BEDDDD0}.Release|x64.ActiveCfg = Release|Any CPU
		{84AAA8DD-A082-4A50-9018-6C027BEDDDD0}.Release|x64.Build.0 = Release|Any CPU
		{84AAA8DD-A082-4A50-9018-6C027BEDDDD0}.Release|x86.ActiveCfg = Release|Any CPU
		{84AAA8DD-A082-4A50-9018-6C027BEDDDD0}.Release|x86.Build.0 = Release|Any CPU
		{21D2A2FA-4EC9-45CF-960C-DF730ED0D0A7}.Debug|Any CPU.ActiveCfg = Debug|Any CPU
		{21D2A2FA-4EC9-45CF-960C-DF730ED0D0A7}.Debug|Any CPU.Build.0 = Debug|Any CPU
		{21D2A2FA-4EC9-45CF-960C-DF730ED0D0A7}.Debug|x64.ActiveCfg = Debug|Any CPU
		{21D2A2FA-4EC9-45CF-960C-DF730ED0D0A7}.Debug|x64.Build.0 = Debug|Any CPU
		{21D2A2FA-4EC9-45CF-960C-DF730ED0D0A7}.Debug|x86.ActiveCfg = Debug|Any CPU
		{21D2A2FA-4EC9-45CF-960C-DF730ED0D0A7}.Debug|x86.Build.0 = Debug|Any CPU
		{21D2A2FA-4EC9-45CF-960C-DF730ED0D0A7}.Release|Any CPU.ActiveCfg = Release|Any CPU
		{21D2A2FA-4EC9-45CF-960C-DF730ED0D0A7}.Release|Any CPU.Build.0 = Release|Any CPU
		{21D2A2FA-4EC9-45CF-960C-DF730ED0D0A7}.Release|x64.ActiveCfg = Release|Any CPU
		{21D2A2FA-4EC9-45CF-960C-DF730ED0D0A7}.Release|x64.Build.0 = Release|Any CPU
		{21D2A2FA-4EC9-45CF-960C-DF730ED0D0A7}.Release|x86.ActiveCfg = Release|Any CPU
		{21D2A2FA-4EC9-45CF-960C-DF730ED0D0A7}.Release|x86.Build.0 = Release|Any CPU
	EndGlobalSection
EndGlobal
